
Microsoft Visual Studio Solution File, Format Version 12.00
# Visual Studio Version 17
VisualStudioVersion = 17.8.34322.80
MinimumVisualStudioVersion = 10.0.40219.1
Project("{FAE04EC0-301F-11D3-BF4B-00C04F79EFBC}") = "WebApplicationWithDapper", "WebApplicationWithDapper\WebApplicationWithDapper.csproj", "{57F1A26C-918D-4C51-A47E-F4D44074920C}"
EndProject
Global
	GlobalSection(SolutionConfigurationPlatforms) = preSolution
		Debug|Any CPU = Debug|Any CPU
		Release|Any CPU = Release|Any CPU
	EndGlobalSection
	GlobalSection(ProjectConfigurationPlatforms) = postSolution
		{57F1A26C-918D-4C51-A47E-F4D44074920C}.Debug|Any CPU.ActiveCfg = Debug|Any CPU
		{57F1A26C-918D-4C51-A47E-F4D44074920C}.Debug|Any CPU.Build.0 = Debug|Any CPU
		{57F1A26C-918D-4C51-A47E-F4D44074920C}.Release|Any CPU.ActiveCfg = Release|Any CPU
		{57F1A26C-918D-4C51-A47E-F4D44074920C}.Release|Any CPU.Build.0 = Release|Any CPU
	EndGlobalSection
	GlobalSection(SolutionProperties) = preSolution
		HideSolutionNode = FALSE
	EndGlobalSection
	GlobalSection(ExtensibilityGlobals) = postSolution
		SolutionGuid = {C9F699FB-680A-44FB-9AD3-30DC3C1965CA}
	EndGlobalSection
EndGlobal
